
Microsoft Visual Studio Solution File, Format Version 12.00
# Visual Studio Version 16
VisualStudioVersion = 16.0.29306.81
MinimumVisualStudioVersion = 10.0.40219.1
Project("{FAE04EC0-301F-11D3-BF4B-00C04F79EFBC}") = "ContactsAppUserInterface", "ContactsAppUserInterface\ContactsAppUserInterface.csproj", "{B062BCB8-3CFB-430D-9AD5-21EA5940677C}"
EndProject
Project("{FAE04EC0-301F-11D3-BF4B-00C04F79EFBC}") = "ContactsApp", "ContactsApp\ContactsApp.csproj", "{D5FE3181-83A1-4D4E-88C7-A003AF2150FE}"
EndProject
Project("{FAE04EC0-301F-11D3-BF4B-00C04F79EFBC}") = "UnitTesting", "UnitTesting\UnitTesting.csproj", "{AF1A10DB-F6AD-42B3-B74E-CEB1FB188408}"
EndProject
Global
	GlobalSection(SolutionConfigurationPlatforms) = preSolution
		Debug|Any CPU = Debug|Any CPU
		Release|Any CPU = Release|Any CPU
	EndGlobalSection
	GlobalSection(ProjectConfigurationPlatforms) = postSolution
		{B062BCB8-3CFB-430D-9AD5-21EA5940677C}.Debug|Any CPU.ActiveCfg = Debug|Any CPU
		{B062BCB8-3CFB-430D-9AD5-21EA5940677C}.Debug|Any CPU.Build.0 = Debug|Any CPU
		{B062BCB8-3CFB-430D-9AD5-21EA5940677C}.Release|Any CPU.ActiveCfg = Release|Any CPU
		{B062BCB8-3CFB-430D-9AD5-21EA5940677C}.Release|Any CPU.Build.0 = Release|Any CPU
		{D5FE3181-83A1-4D4E-88C7-A003AF2150FE}.Debug|Any CPU.ActiveCfg = Debug|Any CPU
		{D5FE3181-83A1-4D4E-88C7-A003AF2150FE}.Debug|Any CPU.Build.0 = Debug|Any CPU
		{D5FE3181-83A1-4D4E-88C7-A003AF2150FE}.Release|Any CPU.ActiveCfg = Release|Any CPU
		{D5FE3181-83A1-4D4E-88C7-A003AF2150FE}.Release|Any CPU.Build.0 = Release|Any CPU
		{AF1A10DB-F6AD-42B3-B74E-CEB1FB188408}.Debug|Any CPU.ActiveCfg = Debug|Any CPU
		{AF1A10DB-F6AD-42B3-B74E-CEB1FB188408}.Debug|Any CPU.Build.0 = Debug|Any CPU
		{AF1A10DB-F6AD-42B3-B74E-CEB1FB188408}.Release|Any CPU.ActiveCfg = Release|Any CPU
		{AF1A10DB-F6AD-42B3-B74E-CEB1FB188408}.Release|Any CPU.Build.0 = Release|Any CPU
	EndGlobalSection
	GlobalSection(SolutionProperties) = preSolution
		HideSolutionNode = FALSE
	EndGlobalSection
	GlobalSection(ExtensibilityGlobals) = postSolution
		SolutionGuid = {42315A5B-3CED-4221-997D-1FD7663B85C3}
	EndGlobalSection
EndGlobal
